
Microsoft Visual Studio Solution File, Format Version 12.00
# Visual Studio Version 17
VisualStudioVersion = 17.3.32811.315
MinimumVisualStudioVersion = 10.0.40219.1
Project("{FAE04EC0-301F-11D3-BF4B-00C04F79EFBC}") = "MailToTelegram", "MailToTelegram\MailToTelegram.csproj", "{E3384B92-2163-48B5-89C7-C922048B1ACD}"
EndProject
Global
	GlobalSection(SolutionConfigurationPlatforms) = preSolution
		Debug|Any CPU = Debug|Any CPU
		Release|Any CPU = Release|Any CPU
	EndGlobalSection
	GlobalSection(ProjectConfigurationPlatforms) = postSolution
		{E3384B92-2163-48B5-89C7-C922048B1ACD}.Debug|Any CPU.ActiveCfg = Debug|Any CPU
		{E3384B92-2163-48B5-89C7-C922048B1ACD}.Debug|Any CPU.Build.0 = Debug|Any CPU
		{E3384B92-2163-48B5-89C7-C922048B1ACD}.Release|Any CPU.ActiveCfg = Release|Any CPU
		{E3384B92-2163-48B5-89C7-C922048B1ACD}.Release|Any CPU.Build.0 = Release|Any CPU
	EndGlobalSection
	GlobalSection(SolutionProperties) = preSolution
		HideSolutionNode = FALSE
	EndGlobalSection
	GlobalSection(ExtensibilityGlobals) = postSolution
		SolutionGuid = {A09B0344-39BF-4A2A-91C9-EE9045DA7A62}
	EndGlobalSection
EndGlobal
